{
  "name": "tos-watch-shape",
  "lockfileVersion": 3,
  "requires": true,
  "packages": {
    "": {
      "name": "tos-watch-shape",
      "license": "Apache-2.0",
      "dependencies": {
        "@fieldtest/core": "^2.0.0",
        "@watthem/stela": "^0.2.1",
        "zod": "^4.1.0"
      }
    },
    "node_modules/@fieldtest/core": {
      "version": "2.0.0",
      "resolved": "https://registry.npmjs.org/@fieldtest/core/-/core-2.0.0.tgz",
      "integrity": "sha512-O3PMaJIi6xFrx4Obc8psqCXJ9N2iEKPwiueG4xz5K/m5s7AcbO7st3HeOX8+Fk4+mvrUGE3hZ53o1TRJtqBe6g==",
      "license": "MIT",
      "dependencies": {
        "yaml": "^2.9.1"
      },
      "engines": {
        "node": ">=20.0.0"
      }
    },
    "node_modules/@watthem/stela": {
      "version": "0.2.1",
      "resolved": "https://registry.npmjs.org/@watthem/stela/-/stela-0.2.1.tgz",
      "integrity": "sha512-8j1CMzRvzaIE4qosRUMIpuLWEY40zRXmfAtQVkzTbUbLOJqHB0Z9FSrD1Q6zqZ0BmNoHhuBdgOeBP0oamUBZVA==",
      "license": "MIT",
      "bin": {
        "stela": "dist/cli.js"
      },
      "engines": {
        "node": ">=22"
      }
    },
    "node_modules/yaml": {
      "version": "2.9.1",
      "resolved": "https://registry.npmjs.org/yaml/-/yaml-2.9.1.tgz",
      "integrity": "sha512-3NxN8+78OdzbT7C/WjGsyfPAtJaN3FNDsWxv7Y7mcDsT/oOmgW8BpyQQFFBnvZE3j9Y2Sdz1ULFLezL7Eb2yFw==",
      "license": "ISC",
      "bin": {
        "yaml": "bin.mjs"
      },
      "engines": {
        "node": ">= 14.6"
      },
      "funding": {
        "url": "https://github.com/sponsors/eemeli"
      }
    },
    "node_modules/zod": {
      "version": "4.6.5",
      "resolved": "https://registry.npmjs.org/zod/-/zod-4.6.5.tgz",
      "integrity": "sha512-v5l/aFXZQeai4awLbOpSoHecE9UiMrnfx75tEXLjNonXVARxQ5mOeipTjROUchszUNCqnE+hqAMujRsRHsut2Q==",
      "license": "MIT",
      "funding": {
        "url": "https://github.com/sponsors/colinhacks"
      }
    }
  }
}
